
Microsoft Visual Studio Solution File, Format Version 12.00
# Visual Studio Version 16
VisualStudioVersion = 16.0.29102.190
MinimumVisualStudioVersion = 10.0.40219.1
Project("{FAE04EC0-301F-11D3-BF4B-00C04F79EFBC}") = "RoundRobinCollection", "RoundRobinCollection\RoundRobinCollection.csproj", "{25C5A357-71B6-4C17-95D9-057D61E70632}"
EndProject
Project("{FAE04EC0-301F-11D3-BF4B-00C04F79EFBC}") = "RoundRobinCollection.Tests", "RoundRobinCollection.Tests\RoundRobinCollection.Tests.csproj", "{172A59AE-E79B-4392-903E-6D6F05BA41D2}"
EndProject
Global
	GlobalSection(SolutionConfigurationPlatforms) = preSolution
		Debug|Any CPU = Debug|Any CPU
		Release|Any CPU = Release|Any CPU
	EndGlobalSection
	GlobalSection(ProjectConfigurationPlatforms) = postSolution
		{25C5A357-71B6-4C17-95D9-057D61E70632}.Debug|Any CPU.ActiveCfg = Debug|Any CPU
		{25C5A357-71B6-4C17-95D9-057D61E70632}.Debug|Any CPU.Build.0 = Debug|Any CPU
		{25C5A357-71B6-4C17-95D9-057D61E70632}.Release|Any CPU.ActiveCfg = Release|Any CPU
		{25C5A357-71B6-4C17-95D9-057D61E70632}.Release|Any CPU.Build.0 = Release|Any CPU
		{172A59AE-E79B-4392-903E-6D6F05BA41D2}.Debug|Any CPU.ActiveCfg = Debug|Any CPU
		{172A59AE-E79B-4392-903E-6D6F05BA41D2}.Debug|Any CPU.Build.0 = Debug|Any CPU
		{172A59AE-E79B-4392-903E-6D6F05BA41D2}.Release|Any CPU.ActiveCfg = Release|Any CPU
		{172A59AE-E79B-4392-903E-6D6F05BA41D2}.Release|Any CPU.Build.0 = Release|Any CPU
	EndGlobalSection
	GlobalSection(SolutionProperties) = preSolution
		HideSolutionNode = FALSE
	EndGlobalSection
	GlobalSection(ExtensibilityGlobals) = postSolution
		SolutionGuid = {3DFB0714-04F4-4430-95A9-E28D2899B8D6}
	EndGlobalSection
EndGlobal
